
Microsoft Visual Studio Solution File, Format Version 12.00
# Visual Studio Version 17
VisualStudioVersion = 17.0.31717.71
MinimumVisualStudioVersion = 10.0.40219.1
Project("{9A19103F-16F7-4668-BE54-9A1E7A4F7556}") = "MudBlazorClient", "MudBlazorClient.csproj", "{16D8426E-61E6-4282-8BA4-3D9C15986B8B}"
EndProject
Global
	GlobalSection(SolutionConfigurationPlatforms) = preSolution
		Debug|Any CPU = Debug|Any CPU
		Release|Any CPU = Release|Any CPU
	EndGlobalSection
	GlobalSection(ProjectConfigurationPlatforms) = postSolution
		{16D8426E-61E6-4282-8BA4-3D9C15986B8B}.Debug|Any CPU.ActiveCfg = Debug|Any CPU
		{16D8426E-61E6-4282-8BA4-3D9C15986B8B}.Debug|Any CPU.Build.0 = Debug|Any CPU
		{16D8426E-61E6-4282-8BA4-3D9C15986B8B}.Release|Any CPU.ActiveCfg = Release|Any CPU
		{16D8426E-61E6-4282-8BA4-3D9C15986B8B}.Release|Any CPU.Build.0 = Release|Any CPU
	EndGlobalSection
	GlobalSection(SolutionProperties) = preSolution
		HideSolutionNode = FALSE
	EndGlobalSection
	GlobalSection(ExtensibilityGlobals) = postSolution
		SolutionGuid = {70D61E9B-764F-43F2-8AFC-F329A7BFECD2}
	EndGlobalSection
EndGlobal