
Microsoft Visual Studio Solution File, Format Version 12.00
# Visual Studio Version 17
VisualStudioVersion = 17.0.32126.317
MinimumVisualStudioVersion = 10.0.40219.1
Project("{9A19103F-16F7-4668-BE54-9A1E7A4F7556}") = "BlazorServer", "BlazorServer\BlazorServer.csproj", "{FE0CE1B3-2E5F-4642-8639-10A6DDCB2B97}"
EndProject
Project("{9A19103F-16F7-4668-BE54-9A1E7A4F7556}") = "Models", "Models\Models.csproj", "{118AC8DF-6242-40C5-B816-F6758D30EDEF}"
EndProject
Project("{FAE04EC0-301F-11D3-BF4B-00C04F79EFBC}") = "MudBlazorServerTemplates", "MudBlazorServerTemplates\MudBlazorServerTemplates.csproj", "{E967DCEC-B5CD-4607-B765-E06204D3EA3B}"
EndProject
Global
	GlobalSection(SolutionConfigurationPlatforms) = preSolution
		Debug|Any CPU = Debug|Any CPU
		Release|Any CPU = Release|Any CPU
	EndGlobalSection
	GlobalSection(ProjectConfigurationPlatforms) = postSolution
		{FE0CE1B3-2E5F-4642-8639-10A6DDCB2B97}.Debug|Any CPU.ActiveCfg = Debug|Any CPU
		{FE0CE1B3-2E5F-4642-8639-10A6DDCB2B97}.Debug|Any CPU.Build.0 = Debug|Any CPU
		{FE0CE1B3-2E5F-4642-8639-10A6DDCB2B97}.Release|Any CPU.ActiveCfg = Release|Any CPU
		{FE0CE1B3-2E5F-4642-8639-10A6DDCB2B97}.Release|Any CPU.Build.0 = Release|Any CPU
		{118AC8DF-6242-40C5-B816-F6758D30EDEF}.Debug|Any CPU.ActiveCfg = Debug|Any CPU
		{118AC8DF-6242-40C5-B816-F6758D30EDEF}.Debug|Any CPU.Build.0 = Debug|Any CPU
		{118AC8DF-6242-40C5-B816-F6758D30EDEF}.Release|Any CPU.ActiveCfg = Release|Any CPU
		{118AC8DF-6242-40C5-B816-F6758D30EDEF}.Release|Any CPU.Build.0 = Release|Any CPU
		{E967DCEC-B5CD-4607-B765-E06204D3EA3B}.Debug|Any CPU.ActiveCfg = Debug|Any CPU
		{E967DCEC-B5CD-4607-B765-E06204D3EA3B}.Debug|Any CPU.Build.0 = Debug|Any CPU
		{E967DCEC-B5CD-4607-B765-E06204D3EA3B}.Release|Any CPU.ActiveCfg = Release|Any CPU
		{E967DCEC-B5CD-4607-B765-E06204D3EA3B}.Release|Any CPU.Build.0 = Release|Any CPU
	EndGlobalSection
	GlobalSection(SolutionProperties) = preSolution
		HideSolutionNode = FALSE
	EndGlobalSection
	GlobalSection(ExtensibilityGlobals) = postSolution
		SolutionGuid = {22991000-3BB5-4A66-8318-1DB4482BC8E0}
	EndGlobalSection
EndGlobal
