
Microsoft Visual Studio Solution File, Format Version 12.00
# Visual Studio Version 17
VisualStudioVersion = 17.0.31717.71
MinimumVisualStudioVersion = 10.0.40219.1
Project("{9A19103F-16F7-4668-BE54-9A1E7A4F7556}") = "MudBlazorServerTemplates", "MudBlazorServerTemplates.csproj", "{B672ADF8-0F07-403A-85DB-E98936BA60EE}"
EndProject
Global
	GlobalSection(SolutionConfigurationPlatforms) = preSolution
		Debug|Any CPU = Debug|Any CPU
		Release|Any CPU = Release|Any CPU
	EndGlobalSection
	GlobalSection(ProjectConfigurationPlatforms) = postSolution
		{B672ADF8-0F07-403A-85DB-E98936BA60EE}.Debug|Any CPU.ActiveCfg = Debug|Any CPU
		{B672ADF8-0F07-403A-85DB-E98936BA60EE}.Debug|Any CPU.Build.0 = Debug|Any CPU
		{B672ADF8-0F07-403A-85DB-E98936BA60EE}.Release|Any CPU.ActiveCfg = Release|Any CPU
		{B672ADF8-0F07-403A-85DB-E98936BA60EE}.Release|Any CPU.Build.0 = Release|Any CPU
	EndGlobalSection
	GlobalSection(SolutionProperties) = preSolution
		HideSolutionNode = FALSE
	EndGlobalSection
	GlobalSection(ExtensibilityGlobals) = postSolution
		SolutionGuid = {580B82E6-18C6-45AB-96C1-56B817A6F659}
	EndGlobalSection
EndGlobal